
Microsoft Visual Studio Solution File, Format Version 12.00
# Visual Studio Version 17
VisualStudioVersion = 17.2.32616.157
MinimumVisualStudioVersion = 10.0.40219.1
Project("{FAE04EC0-301F-11D3-BF4B-00C04F79EFBC}") = "Academic assistant", "Academic assistant\Academic assistant.csproj", "{0490D0B9-8FA3-470F-A9AD-A1FBA3F0FE2C}"
EndProject
Global
	GlobalSection(SolutionConfigurationPlatforms) = preSolution
		Debug|Any CPU = Debug|Any CPU
		Release|Any CPU = Release|Any CPU
	EndGlobalSection
	GlobalSection(ProjectConfigurationPlatforms) = postSolution
		{0490D0B9-8FA3-470F-A9AD-A1FBA3F0FE2C}.Debug|Any CPU.ActiveCfg = Debug|Any CPU
		{0490D0B9-8FA3-470F-A9AD-A1FBA3F0FE2C}.Debug|Any CPU.Build.0 = Debug|Any CPU
		{0490D0B9-8FA3-470F-A9AD-A1FBA3F0FE2C}.Release|Any CPU.ActiveCfg = Release|Any CPU
		{0490D0B9-8FA3-470F-A9AD-A1FBA3F0FE2C}.Release|Any CPU.Build.0 = Release|Any CPU
	EndGlobalSection
	GlobalSection(SolutionProperties) = preSolution
		HideSolutionNode = FALSE
	EndGlobalSection
	GlobalSection(ExtensibilityGlobals) = postSolution
		SolutionGuid = {7ED39BA4-0631-4C1A-BFD9-F5A15C876D5A}
	EndGlobalSection
EndGlobal
